
Microsoft Visual Studio Solution File, Format Version 12.00
# Visual Studio Version 17
VisualStudioVersion = 17.3.32901.215
MinimumVisualStudioVersion = 10.0.40219.1
Project("{FAE04EC0-301F-11D3-BF4B-00C04F79EFBC}") = "DotNetNote", "DotNetNote\DotNetNote.csproj", "{EC848D33-4C7E-46FF-8B5C-5A90FFAD1343}"
EndProject
Project("{FAE04EC0-301F-11D3-BF4B-00C04F79EFBC}") = "VisualAcademy", "visualac\VisualAcademy.csproj", "{D6E490E4-A791-4E7A-8C56-AB69A6F2E0BA}"
EndProject
Global
	GlobalSection(SolutionConfigurationPlatforms) = preSolution
		Debug|Any CPU = Debug|Any CPU
		Release|Any CPU = Release|Any CPU
	EndGlobalSection
	GlobalSection(ProjectConfigurationPlatforms) = postSolution
		{EC848D33-4C7E-46FF-8B5C-5A90FFAD1343}.Debug|Any CPU.ActiveCfg = Debug|Any CPU
		{EC848D33-4C7E-46FF-8B5C-5A90FFAD1343}.Debug|Any CPU.Build.0 = Debug|Any CPU
		{EC848D33-4C7E-46FF-8B5C-5A90FFAD1343}.Release|Any CPU.ActiveCfg = Release|Any CPU
		{EC848D33-4C7E-46FF-8B5C-5A90FFAD1343}.Release|Any CPU.Build.0 = Release|Any CPU
		{D6E490E4-A791-4E7A-8C56-AB69A6F2E0BA}.Debug|Any CPU.ActiveCfg = Debug|Any CPU
		{D6E490E4-A791-4E7A-8C56-AB69A6F2E0BA}.Debug|Any CPU.Build.0 = Debug|Any CPU
		{D6E490E4-A791-4E7A-8C56-AB69A6F2E0BA}.Release|Any CPU.ActiveCfg = Release|Any CPU
		{D6E490E4-A791-4E7A-8C56-AB69A6F2E0BA}.Release|Any CPU.Build.0 = Release|Any CPU
	EndGlobalSection
	GlobalSection(SolutionProperties) = preSolution
		HideSolutionNode = FALSE
	EndGlobalSection
	GlobalSection(ExtensibilityGlobals) = postSolution
		SolutionGuid = {6D052E13-D0C4-4E03-A428-020F4AF3D4A3}
	EndGlobalSection
EndGlobal
